{
  "name": "javascript-data-structures",
  "version": "1.0.0",
  "lockfileVersion": 1,
  "requires": true,
  "dependencies": {
    "elementary-rotations": {
      "version": "git+https://github.com/PeterTadich/elementary-rotations.git#1b8dfaa3aa10737d5c14f795cc4d33b4044d2067",
      "requires": {
        "matlab-javascript": "git+https://github.com/PeterTadich/matlab-javascript.git#709ee16b574b4cf28d1b54d4f2b6f972d5c6b759",
        "matrix-computations": "git+https://github.com/PeterTadich/matrix-computations.git#bd05c041e0d71bb7476bf0f1ce028bfc8028fdb5"
      }
    },
    "homogeneous-transformations": {
      "version": "git+https://github.com/PeterTadich/homogeneous-transformations.git#d0c0132a84f06301d502db64f16ceb039f7fc31d",
      "requires": {
        "elementary-rotations": "git+https://github.com/PeterTadich/elementary-rotations.git#1b8dfaa3aa10737d5c14f795cc4d33b4044d2067",
        "matrix-computations": "git+https://github.com/PeterTadich/matrix-computations.git#bd05c041e0d71bb7476bf0f1ce028bfc8028fdb5",
        "quaternions": "git+https://github.com/PeterTadich/quaternions.git#d7978cc0c8083f5a46ef9b5cfa0c4bc1366d0bab"
      }
    },
    "matlab-javascript": {
      "version": "git+https://github.com/PeterTadich/matlab-javascript.git#709ee16b574b4cf28d1b54d4f2b6f972d5c6b759",
      "requires": {
        "matrix-computations": "git+https://github.com/PeterTadich/matrix-computations.git#bd05c041e0d71bb7476bf0f1ce028bfc8028fdb5"
      }
    },
    "matrix-computations": {
      "version": "git+https://github.com/PeterTadich/matrix-computations.git#bd05c041e0d71bb7476bf0f1ce028bfc8028fdb5"
    },
    "quaternions": {
      "version": "git+https://github.com/PeterTadich/quaternions.git#d7978cc0c8083f5a46ef9b5cfa0c4bc1366d0bab",
      "requires": {
        "matrix-computations": "git+https://github.com/PeterTadich/matrix-computations.git#bd05c041e0d71bb7476bf0f1ce028bfc8028fdb5"
      }
    }
  }
}
